// !$*UTF8*$!
{
	archiveVersion = 1;
	classes = {
	};
	objectVersion = 56;
	objects = {

/* Begin PBXBuildFile section */
		0FD38EB12CD2864800338FAC /* Font.swift in Sources */ = {isa = PBXBuildFile; fileRef = 0FD38EB02CD2864800338FAC /* Font.swift */; };
		0FD38EB32CD2865900338FAC /* Colors.swift in Sources */ = {isa = PBXBuildFile; fileRef = 0FD38EB22CD2865900338FAC /* Colors.swift */; };
		0FD38EB52CD2867B00338FAC /* BaseViewModel.swift in Sources */ = {isa = PBXBuildFile; fileRef = 0FD38EB42CD2867B00338FAC /* BaseViewModel.swift */; };
		0FD38EB72CD2868D00338FAC /* ControllerRepresentable.swift in Sources */ = {isa = PBXBuildFile; fileRef = 0FD38EB62CD2868D00338FAC /* ControllerRepresentable.swift */; };
		0FD38EB92CD2869E00338FAC /* EnvironmentObjects.swift in Sources */ = {isa = PBXBuildFile; fileRef = 0FD38EB82CD2869E00338FAC /* EnvironmentObjects.swift */; };
		0FD38EBB2CD286AF00338FAC /* Navigation.swift in Sources */ = {isa = PBXBuildFile; fileRef = 0FD38EBA2CD286AF00338FAC /* Navigation.swift */; };
		0FD38EBD2CD286C200338FAC /* SafeAreaInsets.swift in Sources */ = {isa = PBXBuildFile; fileRef = 0FD38EBC2CD286C200338FAC /* SafeAreaInsets.swift */; };
		0FD38EBF2CD286D000338FAC /* View+.swift in Sources */ = {isa = PBXBuildFile; fileRef = 0FD38EBE2CD286D000338FAC /* View+.swift */; };
		0FD38EC32CD286FB00338FAC /* String+.swift in Sources */ = {isa = PBXBuildFile; fileRef = 0FD38EC22CD286FB00338FAC /* String+.swift */; };
		0FD38EE82CD2899300338FAC /* TabBarItem.swift in Sources */ = {isa = PBXBuildFile; fileRef = 0FD38EE72CD2899300338FAC /* TabBarItem.swift */; };
		0FD38EEA2CD289C500338FAC /* TabBarScreen.swift in Sources */ = {isa = PBXBuildFile; fileRef = 0FD38EE92CD289C500338FAC /* TabBarScreen.swift */; };
		0FD38EEC2CD289E900338FAC /* TabBarViewModel.swift in Sources */ = {isa = PBXBuildFile; fileRef = 0FD38EEB2CD289E900338FAC /* TabBarViewModel.swift */; };
		0FD38EEE2CD289FF00338FAC /* RootView.swift in Sources */ = {isa = PBXBuildFile; fileRef = 0FD38EED2CD289FF00338FAC /* RootView.swift */; };
		0FD38EF12CD28AD200338FAC /* Poppins-Bold.ttf in Resources */ = {isa = PBXBuildFile; fileRef = 0FD38EF02CD28AD200338FAC /* Poppins-Bold.ttf */; };
		0FD38EF32CD28ADE00338FAC /* Poppins-Regular.ttf in Resources */ = {isa = PBXBuildFile; fileRef = 0FD38EF22CD28ADE00338FAC /* Poppins-Regular.ttf */; };
		0FD38EF52CD28AE600338FAC /* Poppins-SemiBold.ttf in Resources */ = {isa = PBXBuildFile; fileRef = 0FD38EF42CD28AE600338FAC /* Poppins-SemiBold.ttf */; };
		0FD38EF82CD28BDA00338FAC /* netfox in Frameworks */ = {isa = PBXBuildFile; productRef = 0FD38EF72CD28BDA00338FAC /* netfox */; };
		0FD38EFA2CD64C7100338FAC /* Connection.swift in Sources */ = {isa = PBXBuildFile; fileRef = 0FD38EF92CD64C7100338FAC /* Connection.swift */; };
		0FD38EFC2CD64D8500338FAC /* Customer.swift in Sources */ = {isa = PBXBuildFile; fileRef = 0FD38EFB2CD64D8500338FAC /* Customer.swift */; };
		0FD38EFE2CD64E1B00338FAC /* Demand.swift in Sources */ = {isa = PBXBuildFile; fileRef = 0FD38EFD2CD64E1B00338FAC /* Demand.swift */; };
		0FD38F002CD64E8300338FAC /* Refinery.swift in Sources */ = {isa = PBXBuildFile; fileRef = 0FD38EFF2CD64E8300338FAC /* Refinery.swift */; };
		0FD38F022CD64F2C00338FAC /* Tank.swift in Sources */ = {isa = PBXBuildFile; fileRef = 0FD38F012CD64F2C00338FAC /* Tank.swift */; };
		0FD38F042CD64FD700338FAC /* Team.swift in Sources */ = {isa = PBXBuildFile; fileRef = 0FD38F032CD64FD700338FAC /* Team.swift */; };
		0FD38F082CD65A6100338FAC /* LaunchScreen.storyboard in Resources */ = {isa = PBXBuildFile; fileRef = 0FD38F072CD65A6100338FAC /* LaunchScreen.storyboard */; };
		9B03F1B82CD27F6500E61CD0 /* AppDelegate.swift in Sources */ = {isa = PBXBuildFile; fileRef = 9B03F1B72CD27F6500E61CD0 /* AppDelegate.swift */; };
		9B03F1BA2CD27F6500E61CD0 /* MapScreen.swift in Sources */ = {isa = PBXBuildFile; fileRef = 9B03F1B92CD27F6500E61CD0 /* MapScreen.swift */; };
		9B03F1BC2CD27F6800E61CD0 /* Assets.xcassets in Resources */ = {isa = PBXBuildFile; fileRef = 9B03F1BB2CD27F6800E61CD0 /* Assets.xcassets */; };
		9B03F1BF2CD27F6800E61CD0 /* Preview Assets.xcassets in Resources */ = {isa = PBXBuildFile; fileRef = 9B03F1BE2CD27F6800E61CD0 /* Preview Assets.xcassets */; };
		9B03F1C62CD2800D00E61CD0 /* SceneDelegate.swift in Sources */ = {isa = PBXBuildFile; fileRef = 9B03F1C52CD2800D00E61CD0 /* SceneDelegate.swift */; };
/* End PBXBuildFile section */

/* Begin PBXFileReference section */
		0FD38EB02CD2864800338FAC /* Font.swift */ = {isa = PBXFileReference; lastKnownFileType = sourcecode.swift; path = Font.swift; sourceTree = "<group>"; };
		0FD38EB22CD2865900338FAC /* Colors.swift */ = {isa = PBXFileReference; lastKnownFileType = sourcecode.swift; path = Colors.swift; sourceTree = "<group>"; };
		0FD38EB42CD2867B00338FAC /* BaseViewModel.swift */ = {isa = PBXFileReference; lastKnownFileType = sourcecode.swift; path = BaseViewModel.swift; sourceTree = "<group>"; };
		0FD38EB62CD2868D00338FAC /* ControllerRepresentable.swift */ = {isa = PBXFileReference; lastKnownFileType = sourcecode.swift; path = ControllerRepresentable.swift; sourceTree = "<group>"; };
		0FD38EB82CD2869E00338FAC /* EnvironmentObjects.swift */ = {isa = PBXFileReference; lastKnownFileType = sourcecode.swift; path = EnvironmentObjects.swift; sourceTree = "<group>"; };
		0FD38EBA2CD286AF00338FAC /* Navigation.swift */ = {isa = PBXFileReference; lastKnownFileType = sourcecode.swift; path = Navigation.swift; sourceTree = "<group>"; };
		0FD38EBC2CD286C200338FAC /* SafeAreaInsets.swift */ = {isa = PBXFileReference; lastKnownFileType = sourcecode.swift; path = SafeAreaInsets.swift; sourceTree = "<group>"; };
		0FD38EBE2CD286D000338FAC /* View+.swift */ = {isa = PBXFileReference; lastKnownFileType = sourcecode.swift; path = "View+.swift"; sourceTree = "<group>"; };
		0FD38EC22CD286FB00338FAC /* String+.swift */ = {isa = PBXFileReference; lastKnownFileType = sourcecode.swift; path = "String+.swift"; sourceTree = "<group>"; };
		0FD38EE72CD2899300338FAC /* TabBarItem.swift */ = {isa = PBXFileReference; lastKnownFileType = sourcecode.swift; path = TabBarItem.swift; sourceTree = "<group>"; };
		0FD38EE92CD289C500338FAC /* TabBarScreen.swift */ = {isa = PBXFileReference; lastKnownFileType = sourcecode.swift; path = TabBarScreen.swift; sourceTree = "<group>"; };
		0FD38EEB2CD289E900338FAC /* TabBarViewModel.swift */ = {isa = PBXFileReference; lastKnownFileType = sourcecode.swift; path = TabBarViewModel.swift; sourceTree = "<group>"; };
		0FD38EED2CD289FF00338FAC /* RootView.swift */ = {isa = PBXFileReference; lastKnownFileType = sourcecode.swift; path = RootView.swift; sourceTree = "<group>"; };
		0FD38EF02CD28AD200338FAC /* Poppins-Bold.ttf */ = {isa = PBXFileReference; lastKnownFileType = file; path = "Poppins-Bold.ttf"; sourceTree = "<group>"; };
		0FD38EF22CD28ADE00338FAC /* Poppins-Regular.ttf */ = {isa = PBXFileReference; lastKnownFileType = file; path = "Poppins-Regular.ttf"; sourceTree = "<group>"; };
		0FD38EF42CD28AE600338FAC /* Poppins-SemiBold.ttf */ = {isa = PBXFileReference; lastKnownFileType = file; path = "Poppins-SemiBold.ttf"; sourceTree = "<group>"; };
		0FD38EF92CD64C7100338FAC /* Connection.swift */ = {isa = PBXFileReference; lastKnownFileType = sourcecode.swift; path = Connection.swift; sourceTree = "<group>"; };
		0FD38EFB2CD64D8500338FAC /* Customer.swift */ = {isa = PBXFileReference; lastKnownFileType = sourcecode.swift; path = Customer.swift; sourceTree = "<group>"; };
		0FD38EFD2CD64E1B00338FAC /* Demand.swift */ = {isa = PBXFileReference; lastKnownFileType = sourcecode.swift; path = Demand.swift; sourceTree = "<group>"; };
		0FD38EFF2CD64E8300338FAC /* Refinery.swift */ = {isa = PBXFileReference; lastKnownFileType = sourcecode.swift; path = Refinery.swift; sourceTree = "<group>"; };
		0FD38F012CD64F2C00338FAC /* Tank.swift */ = {isa = PBXFileReference; lastKnownFileType = sourcecode.swift; path = Tank.swift; sourceTree = "<group>"; };
		0FD38F032CD64FD700338FAC /* Team.swift */ = {isa = PBXFileReference; lastKnownFileType = sourcecode.swift; path = Team.swift; sourceTree = "<group>"; };
		0FD38F072CD65A6100338FAC /* LaunchScreen.storyboard */ = {isa = PBXFileReference; lastKnownFileType = file.storyboard; path = LaunchScreen.storyboard; sourceTree = "<group>"; };
		9B03F1B42CD27F6500E61CD0 /* Smarthack2025.app */ = {isa = PBXFileReference; explicitFileType = wrapper.application; includeInIndex = 0; path = Smarthack2025.app; sourceTree = BUILT_PRODUCTS_DIR; };
		9B03F1B72CD27F6500E61CD0 /* AppDelegate.swift */ = {isa = PBXFileReference; lastKnownFileType = sourcecode.swift; path = AppDelegate.swift; sourceTree = "<group>"; };
		9B03F1B92CD27F6500E61CD0 /* MapScreen.swift */ = {isa = PBXFileReference; lastKnownFileType = sourcecode.swift; path = MapScreen.swift; sourceTree = "<group>"; };
		9B03F1BB2CD27F6800E61CD0 /* Assets.xcassets */ = {isa = PBXFileReference; lastKnownFileType = folder.assetcatalog; path = Assets.xcassets; sourceTree = "<group>"; };
		9B03F1BE2CD27F6800E61CD0 /* Preview Assets.xcassets */ = {isa = PBXFileReference; lastKnownFileType = folder.assetcatalog; path = "Preview Assets.xcassets"; sourceTree = "<group>"; };
		9B03F1C52CD2800D00E61CD0 /* SceneDelegate.swift */ = {isa = PBXFileReference; lastKnownFileType = sourcecode.swift; path = SceneDelegate.swift; sourceTree = "<group>"; };
		9B03F1C72CD2809E00E61CD0 /* Info.plist */ = {isa = PBXFileReference; lastKnownFileType = text.plist; path = Info.plist; sourceTree = "<group>"; };
/* End PBXFileReference section */

/* Begin PBXFrameworksBuildPhase section */
		9B03F1B12CD27F6500E61CD0 /* Frameworks */ = {
			isa = PBXFrameworksBuildPhase;
			buildActionMask = 2147483647;
			files = (
				0FD38EF82CD28BDA00338FAC /* netfox in Frameworks */,
			);
			runOnlyForDeploymentPostprocessing = 0;
		};
/* End PBXFrameworksBuildPhase section */

/* Begin PBXGroup section */
		0FD38EAA2CD285E700338FAC /* API */ = {
			isa = PBXGroup;
			children = (
			);
			path = API;
			sourceTree = "<group>";
		};
		0FD38EAB2CD285FD00338FAC /* Service */ = {
			isa = PBXGroup;
			children = (
			);
			path = Service;
			sourceTree = "<group>";
		};
		0FD38EAC2CD2860F00338FAC /* Util */ = {
			isa = PBXGroup;
			children = (
				0FD38EB42CD2867B00338FAC /* BaseViewModel.swift */,
				0FD38EB62CD2868D00338FAC /* ControllerRepresentable.swift */,
				0FD38EB82CD2869E00338FAC /* EnvironmentObjects.swift */,
				0FD38EBA2CD286AF00338FAC /* Navigation.swift */,
				0FD38EBC2CD286C200338FAC /* SafeAreaInsets.swift */,
				0FD38EBE2CD286D000338FAC /* View+.swift */,
				0FD38EC22CD286FB00338FAC /* String+.swift */,
			);
			path = Util;
			sourceTree = "<group>";
		};
		0FD38EAD2CD2861900338FAC /* Resources */ = {
			isa = PBXGroup;
			children = (
				0FD38EEF2CD28AC400338FAC /* Fonts */,
				0FD38EB02CD2864800338FAC /* Font.swift */,
				0FD38EB22CD2865900338FAC /* Colors.swift */,
			);
			path = Resources;
			sourceTree = "<group>";
		};
		0FD38EAE2CD2862600338FAC /* UI */ = {
			isa = PBXGroup;
			children = (
				9B03F1B92CD27F6500E61CD0 /* MapScreen.swift */,
				0FD38EED2CD289FF00338FAC /* RootView.swift */,
				0FD38EE62CD2897F00338FAC /* TabBar */,
			);
			path = UI;
			sourceTree = "<group>";
		};
		0FD38EAF2CD2863400338FAC /* Model */ = {
			isa = PBXGroup;
			children = (
				0FD38EF92CD64C7100338FAC /* Connection.swift */,
				0FD38EFB2CD64D8500338FAC /* Customer.swift */,
				0FD38EFD2CD64E1B00338FAC /* Demand.swift */,
				0FD38EFF2CD64E8300338FAC /* Refinery.swift */,
				0FD38F012CD64F2C00338FAC /* Tank.swift */,
				0FD38F032CD64FD700338FAC /* Team.swift */,
			);
			path = Model;
			sourceTree = "<group>";
		};
		0FD38EE62CD2897F00338FAC /* TabBar */ = {
			isa = PBXGroup;
			children = (
				0FD38EE72CD2899300338FAC /* TabBarItem.swift */,
				0FD38EE92CD289C500338FAC /* TabBarScreen.swift */,
				0FD38EEB2CD289E900338FAC /* TabBarViewModel.swift */,
			);
			path = TabBar;
			sourceTree = "<group>";
		};
		0FD38EEF2CD28AC400338FAC /* Fonts */ = {
			isa = PBXGroup;
			children = (
				0FD38EF42CD28AE600338FAC /* Poppins-SemiBold.ttf */,
				0FD38EF22CD28ADE00338FAC /* Poppins-Regular.ttf */,
				0FD38EF02CD28AD200338FAC /* Poppins-Bold.ttf */,
			);
			path = Fonts;
			sourceTree = "<group>";
		};
		9B03F1AB2CD27F6500E61CD0 = {
			isa = PBXGroup;
			children = (
				9B03F1B62CD27F6500E61CD0 /* Smarthack2025 */,
				9B03F1B52CD27F6500E61CD0 /* Products */,
			);
			sourceTree = "<group>";
		};
		9B03F1B52CD27F6500E61CD0 /* Products */ = {
			isa = PBXGroup;
			children = (
				9B03F1B42CD27F6500E61CD0 /* Smarthack2025.app */,
			);
			name = Products;
			sourceTree = "<group>";
		};
		9B03F1B62CD27F6500E61CD0 /* Smarthack2025 */ = {
			isa = PBXGroup;
			children = (
				9B03F1C72CD2809E00E61CD0 /* Info.plist */,
				9B03F1B72CD27F6500E61CD0 /* AppDelegate.swift */,
				9B03F1C52CD2800D00E61CD0 /* SceneDelegate.swift */,
				0FD38F072CD65A6100338FAC /* LaunchScreen.storyboard */,
				9B03F1BB2CD27F6800E61CD0 /* Assets.xcassets */,
				0FD38EAA2CD285E700338FAC /* API */,
				0FD38EAB2CD285FD00338FAC /* Service */,
				0FD38EAF2CD2863400338FAC /* Model */,
				0FD38EAD2CD2861900338FAC /* Resources */,
				0FD38EAC2CD2860F00338FAC /* Util */,
				0FD38EAE2CD2862600338FAC /* UI */,
				9B03F1BD2CD27F6800E61CD0 /* Preview Content */,
			);
			path = Smarthack2025;
			sourceTree = "<group>";
		};
		9B03F1BD2CD27F6800E61CD0 /* Preview Content */ = {
			isa = PBXGroup;
			children = (
				9B03F1BE2CD27F6800E61CD0 /* Preview Assets.xcassets */,
			);
			path = "Preview Content";
			sourceTree = "<group>";
		};
/* End PBXGroup section */

/* Begin PBXNativeTarget section */
		9B03F1B32CD27F6500E61CD0 /* Smarthack2025 */ = {
			isa = PBXNativeTarget;
			buildConfigurationList = 9B03F1C22CD27F6800E61CD0 /* Build configuration list for PBXNativeTarget "Smarthack2025" */;
			buildPhases = (
				9B03F1B02CD27F6500E61CD0 /* Sources */,
				9B03F1B12CD27F6500E61CD0 /* Frameworks */,
				9B03F1B22CD27F6500E61CD0 /* Resources */,
			);
			buildRules = (
			);
			dependencies = (
			);
			name = Smarthack2025;
			packageProductDependencies = (
				0FD38EF72CD28BDA00338FAC /* netfox */,
			);
			productName = Smarthack2025;
			productReference = 9B03F1B42CD27F6500E61CD0 /* Smarthack2025.app */;
			productType = "com.apple.product-type.application";
		};
/* End PBXNativeTarget section */

/* Begin PBXProject section */
		9B03F1AC2CD27F6500E61CD0 /* Project object */ = {
			isa = PBXProject;
			attributes = {
				BuildIndependentTargetsInParallel = 1;
				LastSwiftUpdateCheck = 1530;
				LastUpgradeCheck = 1530;
				TargetAttributes = {
					9B03F1B32CD27F6500E61CD0 = {
						CreatedOnToolsVersion = 15.3;
					};
				};
			};
			buildConfigurationList = 9B03F1AF2CD27F6500E61CD0 /* Build configuration list for PBXProject "Smarthack2025" */;
			compatibilityVersion = "Xcode 14.0";
			developmentRegion = en;
			hasScannedForEncodings = 0;
			knownRegions = (
				en,
				Base,
			);
			mainGroup = 9B03F1AB2CD27F6500E61CD0;
			packageReferences = (
				0FD38EF62CD28BDA00338FAC /* XCRemoteSwiftPackageReference "netfox" */,
			);
			productRefGroup = 9B03F1B52CD27F6500E61CD0 /* Products */;
			projectDirPath = "";
			projectRoot = "";
			targets = (
				9B03F1B32CD27F6500E61CD0 /* Smarthack2025 */,
			);
		};
/* End PBXProject section */

/* Begin PBXResourcesBuildPhase section */
		9B03F1B22CD27F6500E61CD0 /* Resources */ = {
			isa = PBXResourcesBuildPhase;
			buildActionMask = 2147483647;
			files = (
				9B03F1BF2CD27F6800E61CD0 /* Preview Assets.xcassets in Resources */,
				9B03F1BC2CD27F6800E61CD0 /* Assets.xcassets in Resources */,
				0FD38EF52CD28AE600338FAC /* Poppins-SemiBold.ttf in Resources */,
				0FD38F082CD65A6100338FAC /* LaunchScreen.storyboard in Resources */,
				0FD38EF12CD28AD200338FAC /* Poppins-Bold.ttf in Resources */,
				0FD38EF32CD28ADE00338FAC /* Poppins-Regular.ttf in Resources */,
			);
			runOnlyForDeploymentPostprocessing = 0;
		};
/* End PBXResourcesBuildPhase section */

/* Begin PBXSourcesBuildPhase section */
		9B03F1B02CD27F6500E61CD0 /* Sources */ = {
			isa = PBXSourcesBuildPhase;
			buildActionMask = 2147483647;
			files = (
				0FD38EB12CD2864800338FAC /* Font.swift in Sources */,
				0FD38EB32CD2865900338FAC /* Colors.swift in Sources */,
				0FD38EB92CD2869E00338FAC /* EnvironmentObjects.swift in Sources */,
				0FD38EBD2CD286C200338FAC /* SafeAreaInsets.swift in Sources */,
				0FD38EFE2CD64E1B00338FAC /* Demand.swift in Sources */,
				0FD38F042CD64FD700338FAC /* Team.swift in Sources */,
				0FD38EEC2CD289E900338FAC /* TabBarViewModel.swift in Sources */,
				9B03F1BA2CD27F6500E61CD0 /* MapScreen.swift in Sources */,
				0FD38EBF2CD286D000338FAC /* View+.swift in Sources */,
				9B03F1B82CD27F6500E61CD0 /* AppDelegate.swift in Sources */,
				9B03F1C62CD2800D00E61CD0 /* SceneDelegate.swift in Sources */,
				0FD38EBB2CD286AF00338FAC /* Navigation.swift in Sources */,
				0FD38EB52CD2867B00338FAC /* BaseViewModel.swift in Sources */,
				0FD38EE82CD2899300338FAC /* TabBarItem.swift in Sources */,
				0FD38EFC2CD64D8500338FAC /* Customer.swift in Sources */,
				0FD38F002CD64E8300338FAC /* Refinery.swift in Sources */,
				0FD38EEE2CD289FF00338FAC /* RootView.swift in Sources */,
				0FD38F022CD64F2C00338FAC /* Tank.swift in Sources */,
				0FD38EC32CD286FB00338FAC /* String+.swift in Sources */,
				0FD38EEA2CD289C500338FAC /* TabBarScreen.swift in Sources */,
				0FD38EFA2CD64C7100338FAC /* Connection.swift in Sources */,
				0FD38EB72CD2868D00338FAC /* ControllerRepresentable.swift in Sources */,
			);
			runOnlyForDeploymentPostprocessing = 0;
		};
/* End PBXSourcesBuildPhase section */

/* Begin XCBuildConfiguration section */
		9B03F1C02CD27F6800E61CD0 /* Debug */ = {
			isa = XCBuildConfiguration;
			buildSettings = {
				ALWAYS_SEARCH_USER_PATHS = NO;
				ASSETCATALOG_COMPILER_GENERATE_SWIFT_ASSET_SYMBOL_EXTENSIONS = YES;
				CLANG_ANALYZER_NONNULL = YES;
				CLANG_ANALYZER_NUMBER_OBJECT_CONVERSION = YES_AGGRESSIVE;
				CLANG_CXX_LANGUAGE_STANDARD = "gnu++20";
				CLANG_ENABLE_MODULES = YES;
				CLANG_ENABLE_OBJC_ARC = YES;
				CLANG_ENABLE_OBJC_WEAK = YES;
				CLANG_WARN_BLOCK_CAPTURE_AUTORELEASING = YES;
				CLANG_WARN_BOOL_CONVERSION = YES;
				CLANG_WARN_COMMA = YES;
				CLANG_WARN_CONSTANT_CONVERSION = YES;
				CLANG_WARN_DEPRECATED_OBJC_IMPLEMENTATIONS = YES;
				CLANG_WARN_DIRECT_OBJC_ISA_USAGE = YES_ERROR;
				CLANG_WARN_DOCUMENTATION_COMMENTS = YES;
				CLANG_WARN_EMPTY_BODY = YES;
				CLANG_WARN_ENUM_CONVERSION = YES;
				CLANG_WARN_INFINITE_RECURSION = YES;
				CLANG_WARN_INT_CONVERSION = YES;
				CLANG_WARN_NON_LITERAL_NULL_CONVERSION = YES;
				CLANG_WARN_OBJC_IMPLICIT_RETAIN_SELF = YES;
				CLANG_WARN_OBJC_LITERAL_CONVERSION = YES;
				CLANG_WARN_OBJC_ROOT_CLASS = YES_ERROR;
				CLANG_WARN_QUOTED_INCLUDE_IN_FRAMEWORK_HEADER = YES;
				CLANG_WARN_RANGE_LOOP_ANALYSIS = YES;
				CLANG_WARN_STRICT_PROTOTYPES = YES;
				CLANG_WARN_SUSPICIOUS_MOVE = YES;
				CLANG_WARN_UNGUARDED_AVAILABILITY = YES_AGGRESSIVE;
				CLANG_WARN_UNREACHABLE_CODE = YES;
				CLANG_WARN__DUPLICATE_METHOD_MATCH = YES;
				COPY_PHASE_STRIP = NO;
				DEBUG_INFORMATION_FORMAT = dwarf;
				ENABLE_STRICT_OBJC_MSGSEND = YES;
				ENABLE_TESTABILITY = YES;
				ENABLE_USER_SCRIPT_SANDBOXING = YES;
				GCC_C_LANGUAGE_STANDARD = gnu17;
				GCC_DYNAMIC_NO_PIC = NO;
				GCC_NO_COMMON_BLOCKS = YES;
				GCC_OPTIMIZATION_LEVEL = 0;
				GCC_PREPROCESSOR_DEFINITIONS = (
					"DEBUG=1",
					"$(inherited)",
				);
				GCC_WARN_64_TO_32_BIT_CONVERSION = YES;
				GCC_WARN_ABOUT_RETURN_TYPE = YES_ERROR;
				GCC_WARN_UNDECLARED_SELECTOR = YES;
				GCC_WARN_UNINITIALIZED_AUTOS = YES_AGGRESSIVE;
				GCC_WARN_UNUSED_FUNCTION = YES;
				GCC_WARN_UNUSED_VARIABLE = YES;
				IPHONEOS_DEPLOYMENT_TARGET = 17.4;
				LOCALIZATION_PREFERS_STRING_CATALOGS = YES;
				MTL_ENABLE_DEBUG_INFO = INCLUDE_SOURCE;
				MTL_FAST_MATH = YES;
				ONLY_ACTIVE_ARCH = YES;
				SDKROOT = iphoneos;
				SWIFT_ACTIVE_COMPILATION_CONDITIONS = "DEBUG $(inherited)";
				SWIFT_OPTIMIZATION_LEVEL = "-Onone";
			};
			name = Debug;
		};
		9B03F1C12CD27F6800E61CD0 /* Release */ = {
			isa = XCBuildConfiguration;
			buildSettings = {
				ALWAYS_SEARCH_USER_PATHS = NO;
				ASSETCATALOG_COMPILER_GENERATE_SWIFT_ASSET_SYMBOL_EXTENSIONS = YES;
				CLANG_ANALYZER_NONNULL = YES;
				CLANG_ANALYZER_NUMBER_OBJECT_CONVERSION = YES_AGGRESSIVE;
				CLANG_CXX_LANGUAGE_STANDARD = "gnu++20";
				CLANG_ENABLE_MODULES = YES;
				CLANG_ENABLE_OBJC_ARC = YES;
				CLANG_ENABLE_OBJC_WEAK = YES;
				CLANG_WARN_BLOCK_CAPTURE_AUTORELEASING = YES;
				CLANG_WARN_BOOL_CONVERSION = YES;
				CLANG_WARN_COMMA = YES;
				CLANG_WARN_CONSTANT_CONVERSION = YES;
				CLANG_WARN_DEPRECATED_OBJC_IMPLEMENTATIONS = YES;
				CLANG_WARN_DIRECT_OBJC_ISA_USAGE = YES_ERROR;
				CLANG_WARN_DOCUMENTATION_COMMENTS = YES;
				CLANG_WARN_EMPTY_BODY = YES;
				CLANG_WARN_ENUM_CONVERSION = YES;
				CLANG_WARN_INFINITE_RECURSION = YES;
				CLANG_WARN_INT_CONVERSION = YES;
				CLANG_WARN_NON_LITERAL_NULL_CONVERSION = YES;
				CLANG_WARN_OBJC_IMPLICIT_RETAIN_SELF = YES;
				CLANG_WARN_OBJC_LITERAL_CONVERSION = YES;
				CLANG_WARN_OBJC_ROOT_CLASS = YES_ERROR;
				CLANG_WARN_QUOTED_INCLUDE_IN_FRAMEWORK_HEADER = YES;
				CLANG_WARN_RANGE_LOOP_ANALYSIS = YES;
				CLANG_WARN_STRICT_PROTOTYPES = YES;
				CLANG_WARN_SUSPICIOUS_MOVE = YES;
				CLANG_WARN_UNGUARDED_AVAILABILITY = YES_AGGRESSIVE;
				CLANG_WARN_UNREACHABLE_CODE = YES;
				CLANG_WARN__DUPLICATE_METHOD_MATCH = YES;
				COPY_PHASE_STRIP = NO;
				DEBUG_INFORMATION_FORMAT = "dwarf-with-dsym";
				ENABLE_NS_ASSERTIONS = NO;
				ENABLE_STRICT_OBJC_MSGSEND = YES;
				ENABLE_USER_SCRIPT_SANDBOXING = YES;
				GCC_C_LANGUAGE_STANDARD = gnu17;
				GCC_NO_COMMON_BLOCKS = YES;
				GCC_WARN_64_TO_32_BIT_CONVERSION = YES;
				GCC_WARN_ABOUT_RETURN_TYPE = YES_ERROR;
				GCC_WARN_UNDECLARED_SELECTOR = YES;
				GCC_WARN_UNINITIALIZED_AUTOS = YES_AGGRESSIVE;
				GCC_WARN_UNUSED_FUNCTION = YES;
				GCC_WARN_UNUSED_VARIABLE = YES;
				IPHONEOS_DEPLOYMENT_TARGET = 17.4;
				LOCALIZATION_PREFERS_STRING_CATALOGS = YES;
				MTL_ENABLE_DEBUG_INFO = NO;
				MTL_FAST_MATH = YES;
				SDKROOT = iphoneos;
				SWIFT_COMPILATION_MODE = wholemodule;
				VALIDATE_PRODUCT = YES;
			};
			name = Release;
		};
		9B03F1C32CD27F6800E61CD0 /* Debug */ = {
			isa = XCBuildConfiguration;
			buildSettings = {
				ASSETCATALOG_COMPILER_APPICON_NAME = AppIcon;
				ASSETCATALOG_COMPILER_GLOBAL_ACCENT_COLOR_NAME = AccentColor;
				CODE_SIGN_STYLE = Automatic;
				CURRENT_PROJECT_VERSION = 1;
				DEVELOPMENT_ASSET_PATHS = "\"Smarthack2025/Preview Content\"";
				DEVELOPMENT_TEAM = 23N7CD7DZ5;
				ENABLE_PREVIEWS = YES;
				GENERATE_INFOPLIST_FILE = YES;
				INFOPLIST_FILE = Smarthack2025/Info.plist;
				INFOPLIST_KEY_UIApplicationSupportsIndirectInputEvents = YES;
				INFOPLIST_KEY_UILaunchScreen_Generation = YES;
				INFOPLIST_KEY_UISupportedInterfaceOrientations_iPad = "UIInterfaceOrientationPortrait UIInterfaceOrientationPortraitUpsideDown UIInterfaceOrientationLandscapeLeft UIInterfaceOrientationLandscapeRight";
				INFOPLIST_KEY_UISupportedInterfaceOrientations_iPhone = "UIInterfaceOrientationPortrait UIInterfaceOrientationLandscapeLeft UIInterfaceOrientationLandscapeRight";
				IPHONEOS_DEPLOYMENT_TARGET = 17.0;
				LD_RUNPATH_SEARCH_PATHS = (
					"$(inherited)",
					"@executable_path/Frameworks",
				);
				MARKETING_VERSION = 1.0;
				PRODUCT_BUNDLE_IDENTIFIER = app.AlexiaAldea.Smarthack2025;
				PRODUCT_NAME = "$(TARGET_NAME)";
				SWIFT_EMIT_LOC_STRINGS = YES;
				SWIFT_VERSION = 5.0;
				TARGETED_DEVICE_FAMILY = "1,2";
			};
			name = Debug;
		};
		9B03F1C42CD27F6800E61CD0 /* Release */ = {
			isa = XCBuildConfiguration;
			buildSettings = {
				ASSETCATALOG_COMPILER_APPICON_NAME = AppIcon;
				ASSETCATALOG_COMPILER_GLOBAL_ACCENT_COLOR_NAME = AccentColor;
				CODE_SIGN_STYLE = Automatic;
				CURRENT_PROJECT_VERSION = 1;
				DEVELOPMENT_ASSET_PATHS = "\"Smarthack2025/Preview Content\"";
				DEVELOPMENT_TEAM = 23N7CD7DZ5;
				ENABLE_PREVIEWS = YES;
				GENERATE_INFOPLIST_FILE = YES;
				INFOPLIST_FILE = Smarthack2025/Info.plist;
				INFOPLIST_KEY_UIApplicationSupportsIndirectInputEvents = YES;
				INFOPLIST_KEY_UILaunchScreen_Generation = YES;
				INFOPLIST_KEY_UISupportedInterfaceOrientations_iPad = "UIInterfaceOrientationPortrait UIInterfaceOrientationPortraitUpsideDown UIInterfaceOrientationLandscapeLeft UIInterfaceOrientationLandscapeRight";
				INFOPLIST_KEY_UISupportedInterfaceOrientations_iPhone = "UIInterfaceOrientationPortrait UIInterfaceOrientationLandscapeLeft UIInterfaceOrientationLandscapeRight";
				IPHONEOS_DEPLOYMENT_TARGET = 17.0;
				LD_RUNPATH_SEARCH_PATHS = (
					"$(inherited)",
					"@executable_path/Frameworks",
				);
				MARKETING_VERSION = 1.0;
				PRODUCT_BUNDLE_IDENTIFIER = app.AlexiaAldea.Smarthack2025;
				PRODUCT_NAME = "$(TARGET_NAME)";
				SWIFT_EMIT_LOC_STRINGS = YES;
				SWIFT_VERSION = 5.0;
				TARGETED_DEVICE_FAMILY = "1,2";
			};
			name = Release;
		};
/* End XCBuildConfiguration section */

/* Begin XCConfigurationList section */
		9B03F1AF2CD27F6500E61CD0 /* Build configuration list for PBXProject "Smarthack2025" */ = {
			isa = XCConfigurationList;
			buildConfigurations = (
				9B03F1C02CD27F6800E61CD0 /* Debug */,
				9B03F1C12CD27F6800E61CD0 /* Release */,
			);
			defaultConfigurationIsVisible = 0;
			defaultConfigurationName = Release;
		};
		9B03F1C22CD27F6800E61CD0 /* Build configuration list for PBXNativeTarget "Smarthack2025" */ = {
			isa = XCConfigurationList;
			buildConfigurations = (
				9B03F1C32CD27F6800E61CD0 /* Debug */,
				9B03F1C42CD27F6800E61CD0 /* Release */,
			);
			defaultConfigurationIsVisible = 0;
			defaultConfigurationName = Release;
		};
/* End XCConfigurationList section */

/* Begin XCRemoteSwiftPackageReference section */
		0FD38EF62CD28BDA00338FAC /* XCRemoteSwiftPackageReference "netfox" */ = {
			isa = XCRemoteSwiftPackageReference;
			repositoryURL = "https://github.com/kasketis/netfox.git";
			requirement = {
				kind = upToNextMajorVersion;
				minimumVersion = 1.21.0;
			};
		};
/* End XCRemoteSwiftPackageReference section */

/* Begin XCSwiftPackageProductDependency section */
		0FD38EF72CD28BDA00338FAC /* netfox */ = {
			isa = XCSwiftPackageProductDependency;
			package = 0FD38EF62CD28BDA00338FAC /* XCRemoteSwiftPackageReference "netfox" */;
			productName = netfox;
		};
/* End XCSwiftPackageProductDependency section */
	};
	rootObject = 9B03F1AC2CD27F6500E61CD0 /* Project object */;
}
